// !$*UTF8*$!
{
	archiveVersion = 1;
	classes = {
	};
	objectVersion = 50;
	objects = {

/* Begin PBXBuildFile section */
		009DDCB1235BCC10005B4AC0 /* AppDelegate.swift in Sources */ = {isa = PBXBuildFile; fileRef = 009DDCB0235BCC10005B4AC0 /* AppDelegate.swift */; };
		009DDCB7235BCC10005B4AC0 /* GameScene.swift in Sources */ = {isa = PBXBuildFile; fileRef = 009DDCB6235BCC10005B4AC0 /* GameScene.swift */; };
		009DDCB9235BCC10005B4AC0 /* GameViewController.swift in Sources */ = {isa = PBXBuildFile; fileRef = 009DDCB8235BCC10005B4AC0 /* GameViewController.swift */; };
		009DDCBC235BCC10005B4AC0 /* Main.storyboard in Resources */ = {isa = PBXBuildFile; fileRef = 009DDCBA235BCC10005B4AC0 /* Main.storyboard */; };
		009DDCBE235BCC14005B4AC0 /* Assets.xcassets in Resources */ = {isa = PBXBuildFile; fileRef = 009DDCBD235BCC14005B4AC0 /* Assets.xcassets */; };
		009DDCC1235BCC14005B4AC0 /* LaunchScreen.storyboard in Resources */ = {isa = PBXBuildFile; fileRef = 009DDCBF235BCC14005B4AC0 /* LaunchScreen.storyboard */; };
		009DDCCD235BD32C005B4AC0 /* Settings.swift in Sources */ = {isa = PBXBuildFile; fileRef = 009DDCCC235BD32C005B4AC0 /* Settings.swift */; };
		009DDCCF235BE903005B4AC0 /* MenuScene.swift in Sources */ = {isa = PBXBuildFile; fileRef = 009DDCCE235BE903005B4AC0 /* MenuScene.swift */; };
		009DDCD1235BF06F005B4AC0 /* bling.wav in Resources */ = {isa = PBXBuildFile; fileRef = 009DDCD0235BF06E005B4AC0 /* bling.wav */; };
/* End PBXBuildFile section */

/* Begin PBXFileReference section */
		009DDCAD235BCC10005B4AC0 /* ColorSwitch.app */ = {isa = PBXFileReference; explicitFileType = wrapper.application; includeInIndex = 0; path = ColorSwitch.app; sourceTree = BUILT_PRODUCTS_DIR; };
		009DDCB0235BCC10005B4AC0 /* AppDelegate.swift */ = {isa = PBXFileReference; lastKnownFileType = sourcecode.swift; path = AppDelegate.swift; sourceTree = "<group>"; };
		009DDCB6235BCC10005B4AC0 /* GameScene.swift */ = {isa = PBXFileReference; lastKnownFileType = sourcecode.swift; path = GameScene.swift; sourceTree = "<group>"; };
		009DDCB8235BCC10005B4AC0 /* GameViewController.swift */ = {isa = PBXFileReference; lastKnownFileType = sourcecode.swift; path = GameViewController.swift; sourceTree = "<group>"; };
		009DDCBB235BCC10005B4AC0 /* Base */ = {isa = PBXFileReference; lastKnownFileType = file.storyboard; name = Base; path = Base.lproj/Main.storyboard; sourceTree = "<group>"; };
		009DDCBD235BCC14005B4AC0 /* Assets.xcassets */ = {isa = PBXFileReference; lastKnownFileType = folder.assetcatalog; path = Assets.xcassets; sourceTree = "<group>"; };
		009DDCC0235BCC14005B4AC0 /* Base */ = {isa = PBXFileReference; lastKnownFileType = file.storyboard; name = Base; path = Base.lproj/LaunchScreen.storyboard; sourceTree = "<group>"; };
		009DDCC2235BCC14005B4AC0 /* Info.plist */ = {isa = PBXFileReference; lastKnownFileType = text.plist.xml; path = Info.plist; sourceTree = "<group>"; };
		009DDCCC235BD32C005B4AC0 /* Settings.swift */ = {isa = PBXFileReference; lastKnownFileType = sourcecode.swift; path = Settings.swift; sourceTree = "<group>"; };
		009DDCCE235BE903005B4AC0 /* MenuScene.swift */ = {isa = PBXFileReference; lastKnownFileType = sourcecode.swift; path = MenuScene.swift; sourceTree = "<group>"; };
		009DDCD0235BF06E005B4AC0 /* bling.wav */ = {isa = PBXFileReference; lastKnownFileType = audio.wav; path = bling.wav; sourceTree = "<group>"; };
/* End PBXFileReference section */

/* Begin PBXFrameworksBuildPhase section */
		009DDCAA235BCC10005B4AC0 /* Frameworks */ = {
			isa = PBXFrameworksBuildPhase;
			buildActionMask = 2147483647;
			files = (
			);
			runOnlyForDeploymentPostprocessing = 0;
		};
/* End PBXFrameworksBuildPhase section */

/* Begin PBXGroup section */
		009DDCA4235BCC10005B4AC0 = {
			isa = PBXGroup;
			children = (
				009DDCAF235BCC10005B4AC0 /* ColorSwitch */,
				009DDCAE235BCC10005B4AC0 /* Products */,
			);
			sourceTree = "<group>";
		};
		009DDCAE235BCC10005B4AC0 /* Products */ = {
			isa = PBXGroup;
			children = (
				009DDCAD235BCC10005B4AC0 /* ColorSwitch.app */,
			);
			name = Products;
			sourceTree = "<group>";
		};
		009DDCAF235BCC10005B4AC0 /* ColorSwitch */ = {
			isa = PBXGroup;
			children = (
				009DDCD0235BF06E005B4AC0 /* bling.wav */,
				009DDCC2235BCC14005B4AC0 /* Info.plist */,
				009DDCCB235BCEB9005B4AC0 /* Assets */,
				009DDCCA235BCEA8005B4AC0 /* Template */,
				009DDCC9235BCE7E005B4AC0 /* Scenes */,
				009DDCC8235BCE78005B4AC0 /* ViewController */,
			);
			path = ColorSwitch;
			sourceTree = "<group>";
		};
		009DDCC8235BCE78005B4AC0 /* ViewController */ = {
			isa = PBXGroup;
			children = (
				009DDCB8235BCC10005B4AC0 /* GameViewController.swift */,
			);
			path = ViewController;
			sourceTree = "<group>";
		};
		009DDCC9235BCE7E005B4AC0 /* Scenes */ = {
			isa = PBXGroup;
			children = (
				009DDCB6235BCC10005B4AC0 /* GameScene.swift */,
				009DDCCE235BE903005B4AC0 /* MenuScene.swift */,
			);
			path = Scenes;
			sourceTree = "<group>";
		};
		009DDCCA235BCEA8005B4AC0 /* Template */ = {
			isa = PBXGroup;
			children = (
				009DDCB0235BCC10005B4AC0 /* AppDelegate.swift */,
				009DDCCC235BD32C005B4AC0 /* Settings.swift */,
			);
			path = Template;
			sourceTree = "<group>";
		};
		009DDCCB235BCEB9005B4AC0 /* Assets */ = {
			isa = PBXGroup;
			children = (
				009DDCBA235BCC10005B4AC0 /* Main.storyboard */,
				009DDCBD235BCC14005B4AC0 /* Assets.xcassets */,
				009DDCBF235BCC14005B4AC0 /* LaunchScreen.storyboard */,
			);
			path = Assets;
			sourceTree = "<group>";
		};
/* End PBXGroup section */

/* Begin PBXNativeTarget section */
		009DDCAC235BCC10005B4AC0 /* ColorSwitch */ = {
			isa = PBXNativeTarget;
			buildConfigurationList = 009DDCC5235BCC14005B4AC0 /* Build configuration list for PBXNativeTarget "ColorSwitch" */;
			buildPhases = (
				009DDCA9235BCC10005B4AC0 /* Sources */,
				009DDCAA235BCC10005B4AC0 /* Frameworks */,
				009DDCAB235BCC10005B4AC0 /* Resources */,
			);
			buildRules = (
			);
			dependencies = (
			);
			name = ColorSwitch;
			productName = ColorSwitch;
			productReference = 009DDCAD235BCC10005B4AC0 /* ColorSwitch.app */;
			productType = "com.apple.product-type.application";
		};
/* End PBXNativeTarget section */

/* Begin PBXProject section */
		009DDCA5235BCC10005B4AC0 /* Project object */ = {
			isa = PBXProject;
			attributes = {
				LastSwiftUpdateCheck = 1100;
				LastUpgradeCheck = 1100;
				ORGANIZATIONNAME = DanVar;
				TargetAttributes = {
					009DDCAC235BCC10005B4AC0 = {
						CreatedOnToolsVersion = 11.0;
					};
				};
			};
			buildConfigurationList = 009DDCA8235BCC10005B4AC0 /* Build configuration list for PBXProject "ColorSwitch" */;
			compatibilityVersion = "Xcode 9.3";
			developmentRegion = en;
			hasScannedForEncodings = 0;
			knownRegions = (
				en,
				Base,
			);
			mainGroup = 009DDCA4235BCC10005B4AC0;
			productRefGroup = 009DDCAE235BCC10005B4AC0 /* Products */;
			projectDirPath = "";
			projectRoot = "";
			targets = (
				009DDCAC235BCC10005B4AC0 /* ColorSwitch */,
			);
		};
/* End PBXProject section */

/* Begin PBXResourcesBuildPhase section */
		009DDCAB235BCC10005B4AC0 /* Resources */ = {
			isa = PBXResourcesBuildPhase;
			buildActionMask = 2147483647;
			files = (
				009DDCBC235BCC10005B4AC0 /* Main.storyboard in Resources */,
				009DDCD1235BF06F005B4AC0 /* bling.wav in Resources */,
				009DDCBE235BCC14005B4AC0 /* Assets.xcassets in Resources */,
				009DDCC1235BCC14005B4AC0 /* LaunchScreen.storyboard in Resources */,
			);
			runOnlyForDeploymentPostprocessing = 0;
		};
/* End PBXResourcesBuildPhase section */

/* Begin PBXSourcesBuildPhase section */
		009DDCA9235BCC10005B4AC0 /* Sources */ = {
			isa = PBXSourcesBuildPhase;
			buildActionMask = 2147483647;
			files = (
				009DDCB7235BCC10005B4AC0 /* GameScene.swift in Sources */,
				009DDCB9235BCC10005B4AC0 /* GameViewController.swift in Sources */,
				009DDCCF235BE903005B4AC0 /* MenuScene.swift in Sources */,
				009DDCCD235BD32C005B4AC0 /* Settings.swift in Sources */,
				009DDCB1235BCC10005B4AC0 /* AppDelegate.swift in Sources */,
			);
			runOnlyForDeploymentPostprocessing = 0;
		};
/* End PBXSourcesBuildPhase section */

/* Begin PBXVariantGroup section */
		009DDCBA235BCC10005B4AC0 /* Main.storyboard */ = {
			isa = PBXVariantGroup;
			children = (
				009DDCBB235BCC10005B4AC0 /* Base */,
			);
			name = Main.storyboard;
			sourceTree = "<group>";
		};
		009DDCBF235BCC14005B4AC0 /* LaunchScreen.storyboard */ = {
			isa = PBXVariantGroup;
			children = (
				009DDCC0235BCC14005B4AC0 /* Base */,
			);
			name = LaunchScreen.storyboard;
			sourceTree = "<group>";
		};
/* End PBXVariantGroup section */

/* Begin XCBuildConfiguration section */
		009DDCC3235BCC14005B4AC0 /* Debug */ = {
			isa = XCBuildConfiguration;
			buildSettings = {
				ALWAYS_SEARCH_USER_PATHS = NO;
				CLANG_ANALYZER_NONNULL = YES;
				CLANG_ANALYZER_NUMBER_OBJECT_CONVERSION = YES_AGGRESSIVE;
				CLANG_CXX_LANGUAGE_STANDARD = "gnu++14";
				CLANG_CXX_LIBRARY = "libc++";
				CLANG_ENABLE_MODULES = YES;
				CLANG_ENABLE_OBJC_ARC = YES;
				CLANG_ENABLE_OBJC_WEAK = YES;
				CLANG_WARN_BLOCK_CAPTURE_AUTORELEASING = YES;
				CLANG_WARN_BOOL_CONVERSION = YES;
				CLANG_WARN_COMMA = YES;
				CLANG_WARN_CONSTANT_CONVERSION = YES;
				CLANG_WARN_DEPRECATED_OBJC_IMPLEMENTATIONS = YES;
				CLANG_WARN_DIRECT_OBJC_ISA_USAGE = YES_ERROR;
				CLANG_WARN_DOCUMENTATION_COMMENTS = YES;
				CLANG_WARN_EMPTY_BODY = YES;
				CLANG_WARN_ENUM_CONVERSION = YES;
				CLANG_WARN_INFINITE_RECURSION = YES;
				CLANG_WARN_INT_CONVERSION = YES;
				CLANG_WARN_NON_LITERAL_NULL_CONVERSION = YES;
				CLANG_WARN_OBJC_IMPLICIT_RETAIN_SELF = YES;
				CLANG_WARN_OBJC_LITERAL_CONVERSION = YES;
				CLANG_WARN_OBJC_ROOT_CLASS = YES_ERROR;
				CLANG_WARN_RANGE_LOOP_ANALYSIS = YES;
				CLANG_WARN_STRICT_PROTOTYPES = YES;
				CLANG_WARN_SUSPICIOUS_MOVE = YES;
				CLANG_WARN_UNGUARDED_AVAILABILITY = YES_AGGRESSIVE;
				CLANG_WARN_UNREACHABLE_CODE = YES;
				CLANG_WARN__DUPLICATE_METHOD_MATCH = YES;
				COPY_PHASE_STRIP = NO;
				DEBUG_INFORMATION_FORMAT = dwarf;
				ENABLE_STRICT_OBJC_MSGSEND = YES;
				ENABLE_TESTABILITY = YES;
				GCC_C_LANGUAGE_STANDARD = gnu11;
				GCC_DYNAMIC_NO_PIC = NO;
				GCC_NO_COMMON_BLOCKS = YES;
				GCC_OPTIMIZATION_LEVEL = 0;
				GCC_PREPROCESSOR_DEFINITIONS = (
					"DEBUG=1",
					"$(inherited)",
				);
				GCC_WARN_64_TO_32_BIT_CONVERSION = YES;
				GCC_WARN_ABOUT_RETURN_TYPE = YES_ERROR;
				GCC_WARN_UNDECLARED_SELECTOR = YES;
				GCC_WARN_UNINITIALIZED_AUTOS = YES_AGGRESSIVE;
				GCC_WARN_UNUSED_FUNCTION = YES;
				GCC_WARN_UNUSED_VARIABLE = YES;
				IPHONEOS_DEPLOYMENT_TARGET = 13.0;
				MTL_ENABLE_DEBUG_INFO = INCLUDE_SOURCE;
				MTL_FAST_MATH = YES;
				ONLY_ACTIVE_ARCH = YES;
				SDKROOT = iphoneos;
				SWIFT_ACTIVE_COMPILATION_CONDITIONS = DEBUG;
				SWIFT_OPTIMIZATION_LEVEL = "-Onone";
			};
			name = Debug;
		};
		009DDCC4235BCC14005B4AC0 /* Release */ = {
			isa = XCBuildConfiguration;
			buildSettings = {
				ALWAYS_SEARCH_USER_PATHS = NO;
				CLANG_ANALYZER_NONNULL = YES;
				CLANG_ANALYZER_NUMBER_OBJECT_CONVERSION = YES_AGGRESSIVE;
				CLANG_CXX_LANGUAGE_STANDARD = "gnu++14";
				CLANG_CXX_LIBRARY = "libc++";
				CLANG_ENABLE_MODULES = YES;
				CLANG_ENABLE_OBJC_ARC = YES;
				CLANG_ENABLE_OBJC_WEAK = YES;
				CLANG_WARN_BLOCK_CAPTURE_AUTORELEASING = YES;
				CLANG_WARN_BOOL_CONVERSION = YES;
				CLANG_WARN_COMMA = YES;
				CLANG_WARN_CONSTANT_CONVERSION = YES;
				CLANG_WARN_DEPRECATED_OBJC_IMPLEMENTATIONS = YES;
				CLANG_WARN_DIRECT_OBJC_ISA_USAGE = YES_ERROR;
				CLANG_WARN_DOCUMENTATION_COMMENTS = YES;
				CLANG_WARN_EMPTY_BODY = YES;
				CLANG_WARN_ENUM_CONVERSION = YES;
				CLANG_WARN_INFINITE_RECURSION = YES;
				CLANG_WARN_INT_CONVERSION = YES;
				CLANG_WARN_NON_LITERAL_NULL_CONVERSION = YES;
				CLANG_WARN_OBJC_IMPLICIT_RETAIN_SELF = YES;
				CLANG_WARN_OBJC_LITERAL_CONVERSION = YES;
				CLANG_WARN_OBJC_ROOT_CLASS = YES_ERROR;
				CLANG_WARN_RANGE_LOOP_ANALYSIS = YES;
				CLANG_WARN_STRICT_PROTOTYPES = YES;
				CLANG_WARN_SUSPICIOUS_MOVE = YES;
				CLANG_WARN_UNGUARDED_AVAILABILITY = YES_AGGRESSIVE;
				CLANG_WARN_UNREACHABLE_CODE = YES;
				CLANG_WARN__DUPLICATE_METHOD_MATCH = YES;
				COPY_PHASE_STRIP = NO;
				DEBUG_INFORMATION_FORMAT = "dwarf-with-dsym";
				ENABLE_NS_ASSERTIONS = NO;
				ENABLE_STRICT_OBJC_MSGSEND = YES;
				GCC_C_LANGUAGE_STANDARD = gnu11;
				GCC_NO_COMMON_BLOCKS = YES;
				GCC_WARN_64_TO_32_BIT_CONVERSION = YES;
				GCC_WARN_ABOUT_RETURN_TYPE = YES_ERROR;
				GCC_WARN_UNDECLARED_SELECTOR = YES;
				GCC_WARN_UNINITIALIZED_AUTOS = YES_AGGRESSIVE;
				GCC_WARN_UNUSED_FUNCTION = YES;
				GCC_WARN_UNUSED_VARIABLE = YES;
				IPHONEOS_DEPLOYMENT_TARGET = 13.0;
				MTL_ENABLE_DEBUG_INFO = NO;
				MTL_FAST_MATH = YES;
				SDKROOT = iphoneos;
				SWIFT_COMPILATION_MODE = wholemodule;
				SWIFT_OPTIMIZATION_LEVEL = "-O";
				VALIDATE_PRODUCT = YES;
			};
			name = Release;
		};
		009DDCC6235BCC14005B4AC0 /* Debug */ = {
			isa = XCBuildConfiguration;
			buildSettings = {
				ASSETCATALOG_COMPILER_APPICON_NAME = AppIcon;
				CODE_SIGN_STYLE = Automatic;
				DEVELOPMENT_TEAM = 9S6382RR8A;
				INFOPLIST_FILE = ColorSwitch/Info.plist;
				LD_RUNPATH_SEARCH_PATHS = (
					"$(inherited)",
					"@executable_path/Frameworks",
				);
				PRODUCT_BUNDLE_IDENTIFIER = com.MyCompany.ColorSwitch;
				PRODUCT_NAME = "$(TARGET_NAME)";
				SWIFT_VERSION = 5.0;
				TARGETED_DEVICE_FAMILY = 1;
			};
			name = Debug;
		};
		009DDCC7235BCC14005B4AC0 /* Release */ = {
			isa = XCBuildConfiguration;
			buildSettings = {
				ASSETCATALOG_COMPILER_APPICON_NAME = AppIcon;
				CODE_SIGN_STYLE = Automatic;
				DEVELOPMENT_TEAM = 9S6382RR8A;
				INFOPLIST_FILE = ColorSwitch/Info.plist;
				LD_RUNPATH_SEARCH_PATHS = (
					"$(inherited)",
					"@executable_path/Frameworks",
				);
				PRODUCT_BUNDLE_IDENTIFIER = com.MyCompany.ColorSwitch;
				PRODUCT_NAME = "$(TARGET_NAME)";
				SWIFT_VERSION = 5.0;
				TARGETED_DEVICE_FAMILY = 1;
			};
			name = Release;
		};
/* End XCBuildConfiguration section */

/* Begin XCConfigurationList section */
		009DDCA8235BCC10005B4AC0 /* Build configuration list for PBXProject "ColorSwitch" */ = {
			isa = XCConfigurationList;
			buildConfigurations = (
				009DDCC3235BCC14005B4AC0 /* Debug */,
				009DDCC4235BCC14005B4AC0 /* Release */,
			);
			defaultConfigurationIsVisible = 0;
			defaultConfigurationName = Release;
		};
		009DDCC5235BCC14005B4AC0 /* Build configuration list for PBXNativeTarget "ColorSwitch" */ = {
			isa = XCConfigurationList;
			buildConfigurations = (
				009DDCC6235BCC14005B4AC0 /* Debug */,
				009DDCC7235BCC14005B4AC0 /* Release */,
			);
			defaultConfigurationIsVisible = 0;
			defaultConfigurationName = Release;
		};
/* End XCConfigurationList section */
	};
	rootObject = 009DDCA5235BCC10005B4AC0 /* Project object */;
}
